{
  "requires": true,
  "lockfileVersion": 1,
  "dependencies": {
    "sf-design-system": {
      "version": "1.3.1",
      "resolved": "https://registry.npmjs.org/sf-design-system/-/sf-design-system-1.3.1.tgz",
      "integrity": "sha512-NxetjHP4t6gnJlCYW2riNaVgPqgXt7mkhVAdyGrDf536mN/vpw6oO8iMcQLavJncGYaVd/w2bEsorGXvjeOLrA=="
    }
  }
}
